
Microsoft Visual Studio Solution File, Format Version 12.00
# Visual Studio 14
VisualStudioVersion = 14.0.25420.1
MinimumVisualStudioVersion = 10.0.40219.1
Project("{8BC9CEB8-8B4A-11D0-8D11-00A0C91BC942}") = "Main", "Main\Main.vcxproj", "{2F66FD82-BA9A-4D5D-B6FF-FB60EA14D796}"
EndProject
Project("{8BC9CEB8-8B4A-11D0-8D11-00A0C91BC942}") = "Network", "Network\Network.vcxproj", "{B145CF08-6EE7-459D-B149-01EBF7D9209C}"
EndProject
Project("{8BC9CEB8-8B4A-11D0-8D11-00A0C91BC942}") = "Basic", "Basic\Basic.vcxproj", "{E11D7588-E2C2-4C84-9577-760433B9ADE7}"
EndProject
Global
	GlobalSection(SolutionConfigurationPlatforms) = preSolution
		Debug|x64 = Debug|x64
		Debug|x86 = Debug|x86
		Release|x64 = Release|x64
		Release|x86 = Release|x86
	EndGlobalSection
	GlobalSection(ProjectConfigurationPlatforms) = postSolution
		{2F66FD82-BA9A-4D5D-B6FF-FB60EA14D796}.Debug|x64.ActiveCfg = Debug|x64
		{2F66FD82-BA9A-4D5D-B6FF-FB60EA14D796}.Debug|x64.Build.0 = Debug|x64
		{2F66FD82-BA9A-4D5D-B6FF-FB60EA14D796}.Debug|x86.ActiveCfg = Debug|Win32
		{2F66FD82-BA9A-4D5D-B6FF-FB60EA14D796}.Debug|x86.Build.0 = Debug|Win32
		{2F66FD82-BA9A-4D5D-B6FF-FB60EA14D796}.Release|x64.ActiveCfg = Release|x64
		{2F66FD82-BA9A-4D5D-B6FF-FB60EA14D796}.Release|x64.Build.0 = Release|x64
		{2F66FD82-BA9A-4D5D-B6FF-FB60EA14D796}.Release|x86.ActiveCfg = Release|Win32
		{2F66FD82-BA9A-4D5D-B6FF-FB60EA14D796}.Release|x86.Build.0 = Release|Win32
		{B145CF08-6EE7-459D-B149-01EBF7D9209C}.Debug|x64.ActiveCfg = Debug|x64
		{B145CF08-6EE7-459D-B149-01EBF7D9209C}.Debug|x64.Build.0 = Debug|x64
		{B145CF08-6EE7-459D-B149-01EBF7D9209C}.Debug|x86.ActiveCfg = Debug|Win32
		{B145CF08-6EE7-459D-B149-01EBF7D9209C}.Debug|x86.Build.0 = Debug|Win32
		{B145CF08-6EE7-459D-B149-01EBF7D9209C}.Release|x64.ActiveCfg = Release|x64
		{B145CF08-6EE7-459D-B149-01EBF7D9209C}.Release|x64.Build.0 = Release|x64
		{B145CF08-6EE7-459D-B149-01EBF7D9209C}.Release|x86.ActiveCfg = Release|Win32
		{B145CF08-6EE7-459D-B149-01EBF7D9209C}.Release|x86.Build.0 = Release|Win32
		{E11D7588-E2C2-4C84-9577-760433B9ADE7}.Debug|x64.ActiveCfg = Debug|x64
		{E11D7588-E2C2-4C84-9577-760433B9ADE7}.Debug|x64.Build.0 = Debug|x64
		{E11D7588-E2C2-4C84-9577-760433B9ADE7}.Debug|x86.ActiveCfg = Debug|Win32
		{E11D7588-E2C2-4C84-9577-760433B9ADE7}.Debug|x86.Build.0 = Debug|Win32
		{E11D7588-E2C2-4C84-9577-760433B9ADE7}.Release|x64.ActiveCfg = Release|x64
		{E11D7588-E2C2-4C84-9577-760433B9ADE7}.Release|x64.Build.0 = Release|x64
		{E11D7588-E2C2-4C84-9577-760433B9ADE7}.Release|x86.ActiveCfg = Release|Win32
		{E11D7588-E2C2-4C84-9577-760433B9ADE7}.Release|x86.Build.0 = Release|Win32
	EndGlobalSection
	GlobalSection(SolutionProperties) = preSolution
		HideSolutionNode = FALSE
	EndGlobalSection
EndGlobal
